
Microsoft Visual Studio Solution File, Format Version 12.00
# Visual Studio Version 17
VisualStudioVersion = 17.3.32922.545
MinimumVisualStudioVersion = 10.0.40219.1
Project("{888888A0-9F3D-457C-B088-3A5042F75D52}") = "Project 3 - Net Salary", "Project 3 - Net Salary\Project 3 - Net Salary.pyproj", "{EAE0BD64-87F0-48EC-8808-2E85D9B65721}"
EndProject
Global
	GlobalSection(SolutionConfigurationPlatforms) = preSolution
		Debug|Any CPU = Debug|Any CPU
		Release|Any CPU = Release|Any CPU
	EndGlobalSection
	GlobalSection(ProjectConfigurationPlatforms) = postSolution
		{EAE0BD64-87F0-48EC-8808-2E85D9B65721}.Debug|Any CPU.ActiveCfg = Debug|Any CPU
		{EAE0BD64-87F0-48EC-8808-2E85D9B65721}.Release|Any CPU.ActiveCfg = Release|Any CPU
	EndGlobalSection
	GlobalSection(SolutionProperties) = preSolution
		HideSolutionNode = FALSE
	EndGlobalSection
	GlobalSection(ExtensibilityGlobals) = postSolution
		SolutionGuid = {FDD7140E-55C9-46A4-A61C-8E6C54979054}
	EndGlobalSection
EndGlobal
